
Microsoft Visual Studio Solution File, Format Version 12.00
# Visual Studio Version 17
VisualStudioVersion = 17.5.33414.496
MinimumVisualStudioVersion = 10.0.40219.1
Project("{FAE04EC0-301F-11D3-BF4B-00C04F79EFBC}") = "OpenSaha", "OpenSaha\OpenSaha.csproj", "{9E6D8A00-E5EB-4F8D-9333-1E4D33E40351}"
EndProject
Global
	GlobalSection(SolutionConfigurationPlatforms) = preSolution
		Debug|Any CPU = Debug|Any CPU
		Release|Any CPU = Release|Any CPU
	EndGlobalSection
	GlobalSection(ProjectConfigurationPlatforms) = postSolution
		{9E6D8A00-E5EB-4F8D-9333-1E4D33E40351}.Debug|Any CPU.ActiveCfg = Debug|Any CPU
		{9E6D8A00-E5EB-4F8D-9333-1E4D33E40351}.Debug|Any CPU.Build.0 = Debug|Any CPU
		{9E6D8A00-E5EB-4F8D-9333-1E4D33E40351}.Release|Any CPU.ActiveCfg = Release|Any CPU
		{9E6D8A00-E5EB-4F8D-9333-1E4D33E40351}.Release|Any CPU.Build.0 = Release|Any CPU
	EndGlobalSection
	GlobalSection(SolutionProperties) = preSolution
		HideSolutionNode = FALSE
	EndGlobalSection
	GlobalSection(ExtensibilityGlobals) = postSolution
		SolutionGuid = {0EB98CFC-E853-4319-9FE1-DCEDAFB0F0C4}
	EndGlobalSection
EndGlobal
